
Microsoft Visual Studio Solution File, Format Version 12.00
# Visual Studio Version 17
VisualStudioVersion = 17.1.32210.238
MinimumVisualStudioVersion = 10.0.40219.1
Project("{FAE04EC0-301F-11D3-BF4B-00C04F79EFBC}") = "25.06.2022Task", "25.06.2022Task\25.06.2022Task.csproj", "{527DC85D-AFF1-476B-97EA-208CA8CA41C3}"
EndProject
Global
	GlobalSection(SolutionConfigurationPlatforms) = preSolution
		Debug|Any CPU = Debug|Any CPU
		Release|Any CPU = Release|Any CPU
	EndGlobalSection
	GlobalSection(ProjectConfigurationPlatforms) = postSolution
		{527DC85D-AFF1-476B-97EA-208CA8CA41C3}.Debug|Any CPU.ActiveCfg = Debug|Any CPU
		{527DC85D-AFF1-476B-97EA-208CA8CA41C3}.Debug|Any CPU.Build.0 = Debug|Any CPU
		{527DC85D-AFF1-476B-97EA-208CA8CA41C3}.Release|Any CPU.ActiveCfg = Release|Any CPU
		{527DC85D-AFF1-476B-97EA-208CA8CA41C3}.Release|Any CPU.Build.0 = Release|Any CPU
	EndGlobalSection
	GlobalSection(SolutionProperties) = preSolution
		HideSolutionNode = FALSE
	EndGlobalSection
	GlobalSection(ExtensibilityGlobals) = postSolution
		SolutionGuid = {BE745083-7CE5-4B32-87D2-54FD36F08674}
	EndGlobalSection
EndGlobal
